
Microsoft Visual Studio Solution File, Format Version 12.00
# Visual Studio 2012
Project("{2150E333-8FDC-42A3-9474-1A3956D46DE8}") = ".nuget", ".nuget", "{DB950A8D-77A7-4B81-A378-FFA4DAB28838}"
	ProjectSection(SolutionItems) = preProject
		.nuget\NuGet.Config = .nuget\NuGet.Config
		.nuget\NuGet.exe = .nuget\NuGet.exe
		.nuget\NuGet.targets = .nuget\NuGet.targets
	EndProjectSection
EndProject
Project("{F2A71F9B-5D33-465A-A702-920D77279786}") = "GenMonad1", "GenMonad1\GenMonad1.fsproj", "{20E89F38-9E7E-4892-AEF6-D88EDCC3EAB2}"
EndProject
Global
	GlobalSection(SolutionConfigurationPlatforms) = preSolution
		Debug|Any CPU = Debug|Any CPU
		Release|Any CPU = Release|Any CPU
	EndGlobalSection
	GlobalSection(ProjectConfigurationPlatforms) = postSolution
		{20E89F38-9E7E-4892-AEF6-D88EDCC3EAB2}.Debug|Any CPU.ActiveCfg = Debug|Any CPU
		{20E89F38-9E7E-4892-AEF6-D88EDCC3EAB2}.Debug|Any CPU.Build.0 = Debug|Any CPU
		{20E89F38-9E7E-4892-AEF6-D88EDCC3EAB2}.Release|Any CPU.ActiveCfg = Release|Any CPU
		{20E89F38-9E7E-4892-AEF6-D88EDCC3EAB2}.Release|Any CPU.Build.0 = Release|Any CPU
	EndGlobalSection
	GlobalSection(SolutionProperties) = preSolution
		HideSolutionNode = FALSE
	EndGlobalSection
EndGlobal
